# THIS IS AN AUTOGENERATED FILE. DO NOT EDIT THIS FILE DIRECTLY.
# yarn lockfile v1


JSONPath@~0.9.1:
  version "0.9.1"
  resolved "https://registry.yarnpkg.com/JSONPath/-/JSONPath-0.9.1.tgz#d4118503eab9e791525c0283a0e1981acb72027a"
  dependencies:
    underscore "1.3.x"

async@~0.2.9:
  version "0.2.10"
  resolved "https://registry.yarnpkg.com/async/-/async-0.2.10.tgz#b6bbe0b0674b9d719708ca38de8c237cb526c3d1"

colors@~0.6.0-1:
  version "0.6.2"
  resolved "https://registry.yarnpkg.com/colors/-/colors-0.6.2.tgz#2423fe6678ac0c5dae8852e5d0e5be08c997abcc"

format-measurement@~0.1.1:
  version "0.1.1"
  resolved "https://registry.yarnpkg.com/format-measurement/-/format-measurement-0.1.1.tgz#c2c42ff94216c640a09c3208694e7feaab919c4a"

moment@~2.0.0:
  version "2.0.0"
  resolved "http://registry.npmjs.org/moment/-/moment-2.0.0.tgz#2bbc5b44c321837693ab6efcadbd46ed946211fe"

sax@0.5.x:
  version "0.5.8"
  resolved "http://registry.npmjs.org/sax/-/sax-0.5.8.tgz#d472db228eb331c2506b0e8c15524adb939d12c1"

tinseth@~1.0.0:
  version "1.0.0"
  resolved "https://registry.yarnpkg.com/tinseth/-/tinseth-1.0.0.tgz#82110e5b34c80e1eacd1729588f53413e1cb5a8b"

underscore@1.3.x:
  version "1.3.3"
  resolved "https://registry.yarnpkg.com/underscore/-/underscore-1.3.3.tgz#47ac53683daf832bfa952e1774417da47817ae42"

xml2js@~0.2.7:
  version "0.2.8"
  resolved "https://registry.yarnpkg.com/xml2js/-/xml2js-0.2.8.tgz#9b81690931631ff09d1957549faf54f4f980b3c2"
  dependencies:
    sax "0.5.x"
